
Microsoft Visual Studio Solution File, Format Version 12.00
# Visual Studio Version 16
VisualStudioVersion = 16.0.29905.134
MinimumVisualStudioVersion = 10.0.40219.1
Project("{FAE04EC0-301F-11D3-BF4B-00C04F79EFBC}") = "KH2FM_CrowdControl", "KH2FM_CrowdControl\KH2FM_CrowdControl.csproj", "{ED0D401A-2B46-4E1F-AC8B-79CB7F3BE721}"
EndProject
Global
	GlobalSection(SolutionConfigurationPlatforms) = preSolution
		Debug|Any CPU = Debug|Any CPU
		Release|Any CPU = Release|Any CPU
	EndGlobalSection
	GlobalSection(ProjectConfigurationPlatforms) = postSolution
		{ED0D401A-2B46-4E1F-AC8B-79CB7F3BE721}.Debug|Any CPU.ActiveCfg = Debug|Any CPU
		{ED0D401A-2B46-4E1F-AC8B-79CB7F3BE721}.Debug|Any CPU.Build.0 = Debug|Any CPU
		{ED0D401A-2B46-4E1F-AC8B-79CB7F3BE721}.Release|Any CPU.ActiveCfg = Release|Any CPU
		{ED0D401A-2B46-4E1F-AC8B-79CB7F3BE721}.Release|Any CPU.Build.0 = Release|Any CPU
	EndGlobalSection
	GlobalSection(SolutionProperties) = preSolution
		HideSolutionNode = FALSE
	EndGlobalSection
	GlobalSection(ExtensibilityGlobals) = postSolution
		SolutionGuid = {EF757056-64B7-4E7F-9D8D-CFDAE9283591}
	EndGlobalSection
EndGlobal
